
Microsoft Visual Studio Solution File, Format Version 11.00
# Visual Studio 2010
Project("{FAE04EC0-301F-11D3-BF4B-00C04F79EFBC}") = "ClassLibraryVkontakteChecker", "ClassLibraryVkontakteChecker\ClassLibraryVkontakteChecker.csproj", "{3AE2735E-4CB4-453C-9380-BD24AE303491}"
EndProject
Project("{FAE04EC0-301F-11D3-BF4B-00C04F79EFBC}") = "ClassLibraryPlanner", "ClassLibraryPlanner\ClassLibraryPlanner.csproj", "{DC6F0AF5-9691-45BC-B7F1-54E7115F42DC}"
EndProject
Project("{2150E333-8FDC-42A3-9474-1A3956D46DE8}") = "Loaders", "Loaders", "{467BE67E-3030-4CEF-BABE-9D15689BEF4C}"
EndProject
Project("{FAE04EC0-301F-11D3-BF4B-00C04F79EFBC}") = "ConsoleApplicationRunner", "ConsoleApplicationRunner\ConsoleApplicationRunner.csproj", "{1CA94479-620E-4930-9F88-15F9E1609669}"
EndProject
Project("{FAE04EC0-301F-11D3-BF4B-00C04F79EFBC}") = "WindowsServiceRunner", "WindowsServiceRunner\WindowsServiceRunner.csproj", "{B234EEEE-08A4-4AAB-9948-702DC5D9A1A3}"
EndProject
Project("{2150E333-8FDC-42A3-9474-1A3956D46DE8}") = "Libraries", "Libraries", "{CEDF2A86-9879-4C7F-8AE9-C21B255747BC}"
EndProject
Project("{2150E333-8FDC-42A3-9474-1A3956D46DE8}") = "Solution Items", "Solution Items", "{E840A099-DE22-4451-B250-C902332A5844}"
	ProjectSection(SolutionItems) = preProject
		ClassLibraryVkontakteChecker.vsmdi = ClassLibraryVkontakteChecker.vsmdi
		Local.testsettings = Local.testsettings
		TraceAndTestImpact.testsettings = TraceAndTestImpact.testsettings
		Данные.txt = Данные.txt
		ТЗ.txt = ТЗ.txt
	EndProjectSection
EndProject
Project("{FAE04EC0-301F-11D3-BF4B-00C04F79EFBC}") = "TestProjectDbSaver", "TestProjectDbSaver\TestProjectDbSaver.csproj", "{E9069D34-664B-4FA1-A5EE-864C991AE00F}"
EndProject
Project("{FAE04EC0-301F-11D3-BF4B-00C04F79EFBC}") = "WpfApplication1", "WpfApplication1\WpfApplication1.csproj", "{A320CB55-DAED-4F3B-9BD1-B13A8BBE3896}"
EndProject
Global
	GlobalSection(TestCaseManagementSettings) = postSolution
		CategoryFile = ClassLibraryVkontakteChecker.vsmdi
	EndGlobalSection
	GlobalSection(SolutionConfigurationPlatforms) = preSolution
		Debug|Any CPU = Debug|Any CPU
		Debug|Mixed Platforms = Debug|Mixed Platforms
		Debug|x86 = Debug|x86
		Release|Any CPU = Release|Any CPU
		Release|Mixed Platforms = Release|Mixed Platforms
		Release|x86 = Release|x86
	EndGlobalSection
	GlobalSection(ProjectConfigurationPlatforms) = postSolution
		{3AE2735E-4CB4-453C-9380-BD24AE303491}.Debug|Any CPU.ActiveCfg = Debug|Any CPU
		{3AE2735E-4CB4-453C-9380-BD24AE303491}.Debug|Any CPU.Build.0 = Debug|Any CPU
		{3AE2735E-4CB4-453C-9380-BD24AE303491}.Debug|Mixed Platforms.ActiveCfg = Debug|Any CPU
		{3AE2735E-4CB4-453C-9380-BD24AE303491}.Debug|Mixed Platforms.Build.0 = Debug|Any CPU
		{3AE2735E-4CB4-453C-9380-BD24AE303491}.Debug|x86.ActiveCfg = Debug|Any CPU
		{3AE2735E-4CB4-453C-9380-BD24AE303491}.Release|Any CPU.ActiveCfg = Release|Any CPU
		{3AE2735E-4CB4-453C-9380-BD24AE303491}.Release|Any CPU.Build.0 = Release|Any CPU
		{3AE2735E-4CB4-453C-9380-BD24AE303491}.Release|Mixed Platforms.ActiveCfg = Release|Any CPU
		{3AE2735E-4CB4-453C-9380-BD24AE303491}.Release|Mixed Platforms.Build.0 = Release|Any CPU
		{3AE2735E-4CB4-453C-9380-BD24AE303491}.Release|x86.ActiveCfg = Release|Any CPU
		{DC6F0AF5-9691-45BC-B7F1-54E7115F42DC}.Debug|Any CPU.ActiveCfg = Debug|Any CPU
		{DC6F0AF5-9691-45BC-B7F1-54E7115F42DC}.Debug|Any CPU.Build.0 = Debug|Any CPU
		{DC6F0AF5-9691-45BC-B7F1-54E7115F42DC}.Debug|Mixed Platforms.ActiveCfg = Debug|Any CPU
		{DC6F0AF5-9691-45BC-B7F1-54E7115F42DC}.Debug|Mixed Platforms.Build.0 = Debug|Any CPU
		{DC6F0AF5-9691-45BC-B7F1-54E7115F42DC}.Debug|x86.ActiveCfg = Debug|Any CPU
		{DC6F0AF5-9691-45BC-B7F1-54E7115F42DC}.Release|Any CPU.ActiveCfg = Release|Any CPU
		{DC6F0AF5-9691-45BC-B7F1-54E7115F42DC}.Release|Any CPU.Build.0 = Release|Any CPU
		{DC6F0AF5-9691-45BC-B7F1-54E7115F42DC}.Release|Mixed Platforms.ActiveCfg = Release|Any CPU
		{DC6F0AF5-9691-45BC-B7F1-54E7115F42DC}.Release|Mixed Platforms.Build.0 = Release|Any CPU
		{DC6F0AF5-9691-45BC-B7F1-54E7115F42DC}.Release|x86.ActiveCfg = Release|Any CPU
		{1CA94479-620E-4930-9F88-15F9E1609669}.Debug|Any CPU.ActiveCfg = Debug|x86
		{1CA94479-620E-4930-9F88-15F9E1609669}.Debug|Any CPU.Build.0 = Debug|x86
		{1CA94479-620E-4930-9F88-15F9E1609669}.Debug|Mixed Platforms.ActiveCfg = Debug|x86
		{1CA94479-620E-4930-9F88-15F9E1609669}.Debug|Mixed Platforms.Build.0 = Debug|x86
		{1CA94479-620E-4930-9F88-15F9E1609669}.Debug|x86.ActiveCfg = Debug|x86
		{1CA94479-620E-4930-9F88-15F9E1609669}.Debug|x86.Build.0 = Debug|x86
		{1CA94479-620E-4930-9F88-15F9E1609669}.Release|Any CPU.ActiveCfg = Release|x86
		{1CA94479-620E-4930-9F88-15F9E1609669}.Release|Mixed Platforms.ActiveCfg = Release|x86
		{1CA94479-620E-4930-9F88-15F9E1609669}.Release|Mixed Platforms.Build.0 = Release|x86
		{1CA94479-620E-4930-9F88-15F9E1609669}.Release|x86.ActiveCfg = Release|x86
		{1CA94479-620E-4930-9F88-15F9E1609669}.Release|x86.Build.0 = Release|x86
		{B234EEEE-08A4-4AAB-9948-702DC5D9A1A3}.Debug|Any CPU.ActiveCfg = Debug|x86
		{B234EEEE-08A4-4AAB-9948-702DC5D9A1A3}.Debug|Any CPU.Build.0 = Debug|x86
		{B234EEEE-08A4-4AAB-9948-702DC5D9A1A3}.Debug|Mixed Platforms.ActiveCfg = Debug|x86
		{B234EEEE-08A4-4AAB-9948-702DC5D9A1A3}.Debug|Mixed Platforms.Build.0 = Debug|x86
		{B234EEEE-08A4-4AAB-9948-702DC5D9A1A3}.Debug|x86.ActiveCfg = Debug|x86
		{B234EEEE-08A4-4AAB-9948-702DC5D9A1A3}.Debug|x86.Build.0 = Debug|x86
		{B234EEEE-08A4-4AAB-9948-702DC5D9A1A3}.Release|Any CPU.ActiveCfg = Release|x86
		{B234EEEE-08A4-4AAB-9948-702DC5D9A1A3}.Release|Mixed Platforms.ActiveCfg = Release|x86
		{B234EEEE-08A4-4AAB-9948-702DC5D9A1A3}.Release|Mixed Platforms.Build.0 = Release|x86
		{B234EEEE-08A4-4AAB-9948-702DC5D9A1A3}.Release|x86.ActiveCfg = Release|x86
		{B234EEEE-08A4-4AAB-9948-702DC5D9A1A3}.Release|x86.Build.0 = Release|x86
		{E9069D34-664B-4FA1-A5EE-864C991AE00F}.Debug|Any CPU.ActiveCfg = Debug|Any CPU
		{E9069D34-664B-4FA1-A5EE-864C991AE00F}.Debug|Any CPU.Build.0 = Debug|Any CPU
		{E9069D34-664B-4FA1-A5EE-864C991AE00F}.Debug|Mixed Platforms.ActiveCfg = Debug|Any CPU
		{E9069D34-664B-4FA1-A5EE-864C991AE00F}.Debug|Mixed Platforms.Build.0 = Debug|Any CPU
		{E9069D34-664B-4FA1-A5EE-864C991AE00F}.Debug|x86.ActiveCfg = Debug|Any CPU
		{E9069D34-664B-4FA1-A5EE-864C991AE00F}.Release|Any CPU.ActiveCfg = Release|Any CPU
		{E9069D34-664B-4FA1-A5EE-864C991AE00F}.Release|Any CPU.Build.0 = Release|Any CPU
		{E9069D34-664B-4FA1-A5EE-864C991AE00F}.Release|Mixed Platforms.ActiveCfg = Release|Any CPU
		{E9069D34-664B-4FA1-A5EE-864C991AE00F}.Release|Mixed Platforms.Build.0 = Release|Any CPU
		{E9069D34-664B-4FA1-A5EE-864C991AE00F}.Release|x86.ActiveCfg = Release|Any CPU
		{A320CB55-DAED-4F3B-9BD1-B13A8BBE3896}.Debug|Any CPU.ActiveCfg = Debug|x86
		{A320CB55-DAED-4F3B-9BD1-B13A8BBE3896}.Debug|Mixed Platforms.ActiveCfg = Debug|x86
		{A320CB55-DAED-4F3B-9BD1-B13A8BBE3896}.Debug|Mixed Platforms.Build.0 = Debug|x86
		{A320CB55-DAED-4F3B-9BD1-B13A8BBE3896}.Debug|x86.ActiveCfg = Debug|x86
		{A320CB55-DAED-4F3B-9BD1-B13A8BBE3896}.Debug|x86.Build.0 = Debug|x86
		{A320CB55-DAED-4F3B-9BD1-B13A8BBE3896}.Release|Any CPU.ActiveCfg = Release|x86
		{A320CB55-DAED-4F3B-9BD1-B13A8BBE3896}.Release|Mixed Platforms.ActiveCfg = Release|x86
		{A320CB55-DAED-4F3B-9BD1-B13A8BBE3896}.Release|Mixed Platforms.Build.0 = Release|x86
		{A320CB55-DAED-4F3B-9BD1-B13A8BBE3896}.Release|x86.ActiveCfg = Release|x86
		{A320CB55-DAED-4F3B-9BD1-B13A8BBE3896}.Release|x86.Build.0 = Release|x86
	EndGlobalSection
	GlobalSection(SolutionProperties) = preSolution
		HideSolutionNode = FALSE
	EndGlobalSection
	GlobalSection(NestedProjects) = preSolution
		{DC6F0AF5-9691-45BC-B7F1-54E7115F42DC} = {CEDF2A86-9879-4C7F-8AE9-C21B255747BC}
		{3AE2735E-4CB4-453C-9380-BD24AE303491} = {CEDF2A86-9879-4C7F-8AE9-C21B255747BC}
		{1CA94479-620E-4930-9F88-15F9E1609669} = {467BE67E-3030-4CEF-BABE-9D15689BEF4C}
		{B234EEEE-08A4-4AAB-9948-702DC5D9A1A3} = {467BE67E-3030-4CEF-BABE-9D15689BEF4C}
	EndGlobalSection
EndGlobal
